
Microsoft Visual Studio Solution File, Format Version 12.00
# Visual Studio Version 16
VisualStudioVersion = 16.0.30523.141
MinimumVisualStudioVersion = 10.0.40219.1
Project("{FAE04EC0-301F-11D3-BF4B-00C04F79EFBC}") = "HelloASPNetCoreOWIN", "WebApplication5\HelloASPNetCoreOWIN.csproj", "{59DB581B-16F7-4324-B462-E7D01B72CF14}"
EndProject
Global
	GlobalSection(SolutionConfigurationPlatforms) = preSolution
		Debug|Any CPU = Debug|Any CPU
		Release|Any CPU = Release|Any CPU
	EndGlobalSection
	GlobalSection(ProjectConfigurationPlatforms) = postSolution
		{59DB581B-16F7-4324-B462-E7D01B72CF14}.Debug|Any CPU.ActiveCfg = Debug|Any CPU
		{59DB581B-16F7-4324-B462-E7D01B72CF14}.Debug|Any CPU.Build.0 = Debug|Any CPU
		{59DB581B-16F7-4324-B462-E7D01B72CF14}.Release|Any CPU.ActiveCfg = Release|Any CPU
		{59DB581B-16F7-4324-B462-E7D01B72CF14}.Release|Any CPU.Build.0 = Release|Any CPU
	EndGlobalSection
	GlobalSection(SolutionProperties) = preSolution
		HideSolutionNode = FALSE
	EndGlobalSection
	GlobalSection(ExtensibilityGlobals) = postSolution
		SolutionGuid = {97FEC179-1094-410D-A11F-D08CD616FB11}
	EndGlobalSection
EndGlobal
